
Microsoft Visual Studio Solution File, Format Version 12.00
# Visual Studio Version 16
VisualStudioVersion = 16.0.31112.23
MinimumVisualStudioVersion = 10.0.40219.1
Project("{9A19103F-16F7-4668-BE54-9A1E7A4F7556}") = "ST10-Kiro", "ST10-Kiro\ST10-Kiro.csproj", "{BCF3FC4B-5264-4E96-8365-575D99699A60}"
EndProject
Project("{9A19103F-16F7-4668-BE54-9A1E7A4F7556}") = "DICOMtest2", "..\..\DICOMtest2\DICOMtest2\DICOMtest2.csproj", "{27D94B51-6E43-46D9-ABC5-0E20B78C0CC1}"
EndProject
Global
	GlobalSection(SolutionConfigurationPlatforms) = preSolution
		Debug|Any CPU = Debug|Any CPU
		Release|Any CPU = Release|Any CPU
	EndGlobalSection
	GlobalSection(ProjectConfigurationPlatforms) = postSolution
		{BCF3FC4B-5264-4E96-8365-575D99699A60}.Debug|Any CPU.ActiveCfg = Debug|Any CPU
		{BCF3FC4B-5264-4E96-8365-575D99699A60}.Debug|Any CPU.Build.0 = Debug|Any CPU
		{BCF3FC4B-5264-4E96-8365-575D99699A60}.Release|Any CPU.ActiveCfg = Release|Any CPU
		{BCF3FC4B-5264-4E96-8365-575D99699A60}.Release|Any CPU.Build.0 = Release|Any CPU
		{27D94B51-6E43-46D9-ABC5-0E20B78C0CC1}.Debug|Any CPU.ActiveCfg = Debug|Any CPU
		{27D94B51-6E43-46D9-ABC5-0E20B78C0CC1}.Debug|Any CPU.Build.0 = Debug|Any CPU
		{27D94B51-6E43-46D9-ABC5-0E20B78C0CC1}.Release|Any CPU.ActiveCfg = Release|Any CPU
		{27D94B51-6E43-46D9-ABC5-0E20B78C0CC1}.Release|Any CPU.Build.0 = Release|Any CPU
	EndGlobalSection
	GlobalSection(SolutionProperties) = preSolution
		HideSolutionNode = FALSE
	EndGlobalSection
	GlobalSection(ExtensibilityGlobals) = postSolution
		SolutionGuid = {D859158C-919F-476B-94B4-A875B229C636}
	EndGlobalSection
EndGlobal
